
Microsoft Visual Studio Solution File, Format Version 12.00
# Visual Studio Version 17
VisualStudioVersion = 17.14.36603.0 d17.14
MinimumVisualStudioVersion = 10.0.40219.1
Project("{8BC9CEB8-8B4A-11D0-8D11-00A0C91BC942}") = "ParticlesTests", "ParticlesTests.vcxproj", "{B1E4D2A0-7C31-4F88-9A22-0E6F1C3D5B41}"
EndProject
Global
	GlobalSection(SolutionConfigurationPlatforms) = preSolution
		Debug|x64 = Debug|x64
	EndGlobalSection
	GlobalSection(ProjectConfigurationPlatforms) = postSolution
		{B1E4D2A0-7C31-4F88-9A22-0E6F1C3D5B41}.Debug|x64.ActiveCfg = Debug|x64
		{B1E4D2A0-7C31-4F88-9A22-0E6F1C3D5B41}.Debug|x64.Build.0 = Debug|x64
	EndGlobalSection
	GlobalSection(SolutionProperties) = preSolution
		HideSolutionNode = FALSE
	EndGlobalSection
	GlobalSection(ExtensibilityGlobals) = postSolution
		SolutionGuid = {A3A77528-7073-43A9-A145-389801C2C1E7}
	EndGlobalSection
EndGlobal
